
Microsoft Visual Studio Solution File, Format Version 12.00
# Visual Studio Version 16
VisualStudioVersion = 16.0.33927.289
MinimumVisualStudioVersion = 10.0.40219.1
Project("{2150E333-8FDC-42A3-9474-1A3956D46DE8}") = "Task0", "Task0", "{9B43CC6D-999D-49CB-B6B1-FE35B180DE5B}"
EndProject
Project("{FAE04EC0-301F-11D3-BF4B-00C04F79EFBC}") = "Tyuiu.KosovskihVA.Sprint6.Task0.V9.Lib", "Tyuiu.KosovskihVA.Sprint6.Task0.V9.Lib\Tyuiu.KosovskihVA.Sprint6.Task0.V9.Lib.csproj", "{5D86583D-708E-4EDB-B7CF-EAD69E478584}"
EndProject
Project("{FAE04EC0-301F-11D3-BF4B-00C04F79EFBC}") = "Tyuiu.KosovskihVA.Sprint6.Task0.V9.Test", "Tyuiu.KosovskihVA.Sprint6.Task0.V9.Test\Tyuiu.KosovskihVA.Sprint6.Task0.V9.Test.csproj", "{0AC705D8-8B63-4A34-8394-B5E6C6BEE58C}"
EndProject
Project("{FAE04EC0-301F-11D3-BF4B-00C04F79EFBC}") = "Tyuiu.KosovskihVA.Sprint6.Task0.V9", "Tyuiu.KosovskihVA.Sprint6.Task0.V9\Tyuiu.KosovskihVA.Sprint6.Task0.V9.csproj", "{49C8DDD8-7B54-471C-B730-8D12ECE2FAE0}"
EndProject
Global
	GlobalSection(SolutionConfigurationPlatforms) = preSolution
		Debug|Any CPU = Debug|Any CPU
		Release|Any CPU = Release|Any CPU
	EndGlobalSection
	GlobalSection(ProjectConfigurationPlatforms) = postSolution
		{5D86583D-708E-4EDB-B7CF-EAD69E478584}.Debug|Any CPU.ActiveCfg = Debug|Any CPU
		{5D86583D-708E-4EDB-B7CF-EAD69E478584}.Debug|Any CPU.Build.0 = Debug|Any CPU
		{5D86583D-708E-4EDB-B7CF-EAD69E478584}.Release|Any CPU.ActiveCfg = Release|Any CPU
		{5D86583D-708E-4EDB-B7CF-EAD69E478584}.Release|Any CPU.Build.0 = Release|Any CPU
		{0AC705D8-8B63-4A34-8394-B5E6C6BEE58C}.Debug|Any CPU.ActiveCfg = Debug|Any CPU
		{0AC705D8-8B63-4A34-8394-B5E6C6BEE58C}.Debug|Any CPU.Build.0 = Debug|Any CPU
		{0AC705D8-8B63-4A34-8394-B5E6C6BEE58C}.Release|Any CPU.ActiveCfg = Release|Any CPU
		{0AC705D8-8B63-4A34-8394-B5E6C6BEE58C}.Release|Any CPU.Build.0 = Release|Any CPU
		{49C8DDD8-7B54-471C-B730-8D12ECE2FAE0}.Debug|Any CPU.ActiveCfg = Debug|Any CPU
		{49C8DDD8-7B54-471C-B730-8D12ECE2FAE0}.Debug|Any CPU.Build.0 = Debug|Any CPU
		{49C8DDD8-7B54-471C-B730-8D12ECE2FAE0}.Release|Any CPU.ActiveCfg = Release|Any CPU
		{49C8DDD8-7B54-471C-B730-8D12ECE2FAE0}.Release|Any CPU.Build.0 = Release|Any CPU
	EndGlobalSection
	GlobalSection(SolutionProperties) = preSolution
		HideSolutionNode = FALSE
	EndGlobalSection
	GlobalSection(NestedProjects) = preSolution
		{5D86583D-708E-4EDB-B7CF-EAD69E478584} = {9B43CC6D-999D-49CB-B6B1-FE35B180DE5B}
		{0AC705D8-8B63-4A34-8394-B5E6C6BEE58C} = {9B43CC6D-999D-49CB-B6B1-FE35B180DE5B}
	EndGlobalSection
	GlobalSection(ExtensibilityGlobals) = postSolution
		SolutionGuid = {E4DA1DC6-0F19-426A-8929-CB5CEF6ADCD4}
	EndGlobalSection
EndGlobal
